<?xml version="1.0" encoding="utf-8"?>
<Project ToolsVersion="4.0" xmlns="http://schemas.microsoft.com/developer/msbuild/2003">
  <ItemGroup>
    <Filter Include="Source Files">
      <UniqueIdentifier>{4FC737F1-C7A5-4376-A066-2A32D752A2FF}</UniqueIdentifier>
      <Extensions>cpp;c;cc;cxx;def;odl;idl;hpj;bat;asm;asmx</Extensions>
    </Filter>
    <Filter Include="Header Files">
      <UniqueIdentifier>{93995380-89BD-4b04-88EB-625FBE52EBFB}</UniqueIdentifier>
      <Extensions>h;hpp;hxx;hm;inl;inc;xsd</Extensions>
    </Filter>
    <Filter Include="Resource Files">
      <UniqueIdentifier>{67DA6AB6-F800-4c08-8B7A-83BB121AAD01}</UniqueIdentifier>
      <Extensions>rc;ico;cur;bmp;dlg;rc2;rct;bin;rgs;gif;jpg;jpeg;jpe;resx;tiff;tif;png;wav;mfcribbon-ms</Extensions>
    </Filter>
    <Filter Include="Header Files\tAZ">
      <UniqueIdentifier>{74a34bc4-9afb-4a3f-9836-b5e9021eed98}</UniqueIdentifier>
    </Filter>
    <Filter Include="Header Files\tAZgfx">
      <UniqueIdentifier>{091b8f27-2905-4574-a069-ca9b71f4691d}</UniqueIdentifier>
    </Filter>
  </ItemGroup>
  <ItemGroup>
    <None Include="ReadMe.txt" />
    <None Include="small.ico">
      <Filter>Resource Files</Filter>
    </None>
    <None Include="tAZ skel.ico">
      <Filter>Resource Files</Filter>
    </None>
  </ItemGroup>
  <ItemGroup>
    <ClInclude Include="stdafx.h">
      <Filter>Header Files</Filter>
    </ClInclude>
    <ClInclude Include="targetver.h">
      <Filter>Header Files</Filter>
    </ClInclude>
    <ClInclude Include="Resource.h">
      <Filter>Header Files</Filter>
    </ClInclude>
    <ClInclude Include="tAZ Engine\tAZ.h">
      <Filter>Header Files\tAZ</Filter>
    </ClInclude>
    <ClInclude Include="tAZ Engine\data\chiptune.h">
      <Filter>Header Files</Filter>
    </ClInclude>
    <ClInclude Include="tAZ Engine\tAZgfx.h">
      <Filter>Header Files\tAZgfx</Filter>
    </ClInclude>
  </ItemGroup>
  <ItemGroup>
    <ClCompile Include="stdafx.cpp">
      <Filter>Source Files</Filter>
    </ClCompile>
    <ClCompile Include="tAZ skel.cpp">
      <Filter>Source Files</Filter>
    </ClCompile>
    <ClCompile Include="tAZ Engine\tAZ.cpp">
      <Filter>Header Files\tAZ</Filter>
    </ClCompile>
    <ClCompile Include="tAZ Engine\tAZgfx.cpp">
      <Filter>Header Files\tAZgfx</Filter>
    </ClCompile>
  </ItemGroup>
  <ItemGroup>
    <ResourceCompile Include="tAZ skel.rc">
      <Filter>Resource Files</Filter>
    </ResourceCompile>
  </ItemGroup>
</Project>