
Microsoft Visual Studio Solution File, Format Version 11.00
# Visual Studio 2010
Project("{8BC9CEB8-8B4A-11D0-8D11-00A0C91BC942}") = "tAZ skel", "tAZ skel\tAZ skel.vcxproj", "{DD4B9004-E61D-4630-BBAD-3A01C3AB77E1}"
EndProject
Global
	GlobalSection(SolutionConfigurationPlatforms) = preSolution
		Debug|Win32 = Debug|Win32
		Release|Win32 = Release|Win32
	EndGlobalSection
	GlobalSection(ProjectConfigurationPlatforms) = postSolution
		{DD4B9004-E61D-4630-BBAD-3A01C3AB77E1}.Debug|Win32.ActiveCfg = Debug|Win32
		{DD4B9004-E61D-4630-BBAD-3A01C3AB77E1}.Debug|Win32.Build.0 = Debug|Win32
		{DD4B9004-E61D-4630-BBAD-3A01C3AB77E1}.Release|Win32.ActiveCfg = Release|Win32
		{DD4B9004-E61D-4630-BBAD-3A01C3AB77E1}.Release|Win32.Build.0 = Release|Win32
	EndGlobalSection
	GlobalSection(SolutionProperties) = preSolution
		HideSolutionNode = FALSE
	EndGlobalSection
EndGlobal
